
Microsoft Visual Studio Solution File, Format Version 12.00
# Visual Studio Version 17
VisualStudioVersion = 17.7.34202.233
MinimumVisualStudioVersion = 10.0.40219.1
Project("{8BC9CEB8-8B4A-11D0-8D11-00A0C91BC942}") = "problem 50", "problem 50\problem 50.vcxproj", "{91DC14EE-CD2D-4635-8745-DECDC6B8B623}"
EndProject
Global
	GlobalSection(SolutionConfigurationPlatforms) = preSolution
		Debug|x64 = Debug|x64
		Debug|x86 = Debug|x86
		Release|x64 = Release|x64
		Release|x86 = Release|x86
	EndGlobalSection
	GlobalSection(ProjectConfigurationPlatforms) = postSolution
		{91DC14EE-CD2D-4635-8745-DECDC6B8B623}.Debug|x64.ActiveCfg = Debug|x64
		{91DC14EE-CD2D-4635-8745-DECDC6B8B623}.Debug|x64.Build.0 = Debug|x64
		{91DC14EE-CD2D-4635-8745-DECDC6B8B623}.Debug|x86.ActiveCfg = Debug|Win32
		{91DC14EE-CD2D-4635-8745-DECDC6B8B623}.Debug|x86.Build.0 = Debug|Win32
		{91DC14EE-CD2D-4635-8745-DECDC6B8B623}.Release|x64.ActiveCfg = Release|x64
		{91DC14EE-CD2D-4635-8745-DECDC6B8B623}.Release|x64.Build.0 = Release|x64
		{91DC14EE-CD2D-4635-8745-DECDC6B8B623}.Release|x86.ActiveCfg = Release|Win32
		{91DC14EE-CD2D-4635-8745-DECDC6B8B623}.Release|x86.Build.0 = Release|Win32
	EndGlobalSection
	GlobalSection(SolutionProperties) = preSolution
		HideSolutionNode = FALSE
	EndGlobalSection
	GlobalSection(ExtensibilityGlobals) = postSolution
		SolutionGuid = {59FA89CD-A4F3-4220-9AA8-568DE19BED67}
	EndGlobalSection
EndGlobal
